
Microsoft Visual Studio Solution File, Format Version 12.00
# Visual Studio Version 17
VisualStudioVersion = 17.0.31903.59
MinimumVisualStudioVersion = 10.0.40219.1
Project("{FAE04EC0-301F-11D3-BF4B-00C04F79EFBC}") = "BogusEfCoreUseSeeding", "BogusEfCoreUseSeeding\BogusEfCoreUseSeeding.csproj", "{5C8D3C57-F7A1-4919-AC46-C05D6013921C}"
EndProject
Project("{FAE04EC0-301F-11D3-BF4B-00C04F79EFBC}") = "BogusEfCoreHasData", "BogusEfCoreHasData\BogusEfCoreHasData.csproj", "{D49F7895-0318-41F6-B749-396D34351D29}"
EndProject
Project("{FAE04EC0-301F-11D3-BF4B-00C04F79EFBC}") = "BogusBasics", "BogusBasics\BogusBasics.csproj", "{1014AC47-4900-405A-B73D-FD8D4010AFA8}"
EndProject
Project("{FAE04EC0-301F-11D3-BF4B-00C04F79EFBC}") = "BogusUnitTests", "BogusUnitTests\BogusUnitTests.csproj", "{9AA4E3DC-374D-4446-8A7C-F48BA9381F43}"
EndProject
Project("{FAE04EC0-301F-11D3-BF4B-00C04F79EFBC}") = "EfCoreExample", "EfCoreExample\EfCoreExample.csproj", "{F92B3C72-8C10-46D6-87EB-3817CBB163EB}"
EndProject
Global
	GlobalSection(SolutionConfigurationPlatforms) = preSolution
		Debug|Any CPU = Debug|Any CPU
		Release|Any CPU = Release|Any CPU
	EndGlobalSection
	GlobalSection(SolutionProperties) = preSolution
		HideSolutionNode = FALSE
	EndGlobalSection
	GlobalSection(ProjectConfigurationPlatforms) = postSolution
		{5C8D3C57-F7A1-4919-AC46-C05D6013921C}.Debug|Any CPU.ActiveCfg = Debug|Any CPU
		{5C8D3C57-F7A1-4919-AC46-C05D6013921C}.Debug|Any CPU.Build.0 = Debug|Any CPU
		{5C8D3C57-F7A1-4919-AC46-C05D6013921C}.Release|Any CPU.ActiveCfg = Release|Any CPU
		{5C8D3C57-F7A1-4919-AC46-C05D6013921C}.Release|Any CPU.Build.0 = Release|Any CPU
		{D49F7895-0318-41F6-B749-396D34351D29}.Debug|Any CPU.ActiveCfg = Debug|Any CPU
		{D49F7895-0318-41F6-B749-396D34351D29}.Debug|Any CPU.Build.0 = Debug|Any CPU
		{D49F7895-0318-41F6-B749-396D34351D29}.Release|Any CPU.ActiveCfg = Release|Any CPU
		{D49F7895-0318-41F6-B749-396D34351D29}.Release|Any CPU.Build.0 = Release|Any CPU
		{1014AC47-4900-405A-B73D-FD8D4010AFA8}.Debug|Any CPU.ActiveCfg = Debug|Any CPU
		{1014AC47-4900-405A-B73D-FD8D4010AFA8}.Debug|Any CPU.Build.0 = Debug|Any CPU
		{1014AC47-4900-405A-B73D-FD8D4010AFA8}.Release|Any CPU.ActiveCfg = Release|Any CPU
		{1014AC47-4900-405A-B73D-FD8D4010AFA8}.Release|Any CPU.Build.0 = Release|Any CPU
		{9AA4E3DC-374D-4446-8A7C-F48BA9381F43}.Debug|Any CPU.ActiveCfg = Debug|Any CPU
		{9AA4E3DC-374D-4446-8A7C-F48BA9381F43}.Debug|Any CPU.Build.0 = Debug|Any CPU
		{9AA4E3DC-374D-4446-8A7C-F48BA9381F43}.Release|Any CPU.ActiveCfg = Release|Any CPU
		{9AA4E3DC-374D-4446-8A7C-F48BA9381F43}.Release|Any CPU.Build.0 = Release|Any CPU
		{F92B3C72-8C10-46D6-87EB-3817CBB163EB}.Debug|Any CPU.ActiveCfg = Debug|Any CPU
		{F92B3C72-8C10-46D6-87EB-3817CBB163EB}.Debug|Any CPU.Build.0 = Debug|Any CPU
		{F92B3C72-8C10-46D6-87EB-3817CBB163EB}.Release|Any CPU.ActiveCfg = Release|Any CPU
		{F92B3C72-8C10-46D6-87EB-3817CBB163EB}.Release|Any CPU.Build.0 = Release|Any CPU
	EndGlobalSection
EndGlobal
