Microsoft Visual Studio Solution File, Format Version 12.00
# Visual Studio Version 17
VisualStudioVersion = 17.5.2.0
MinimumVisualStudioVersion = 10.0.40219.1
Project("{FAE04EC0-301F-11D3-BF4B-00C04F79EFBC}") = "BogusEfCoreUseSeeding", "BogusEfCoreUseSeeding.csproj", "{9128E9F6-6CDD-DE12-846B-7CF4A3B101B0}"
EndProject
Global
	GlobalSection(SolutionConfigurationPlatforms) = preSolution
		Debug|Any CPU = Debug|Any CPU
		Release|Any CPU = Release|Any CPU
	EndGlobalSection
	GlobalSection(ProjectConfigurationPlatforms) = postSolution
		{9128E9F6-6CDD-DE12-846B-7CF4A3B101B0}.Debug|Any CPU.ActiveCfg = Debug|Any CPU
		{9128E9F6-6CDD-DE12-846B-7CF4A3B101B0}.Debug|Any CPU.Build.0 = Debug|Any CPU
		{9128E9F6-6CDD-DE12-846B-7CF4A3B101B0}.Release|Any CPU.ActiveCfg = Release|Any CPU
		{9128E9F6-6CDD-DE12-846B-7CF4A3B101B0}.Release|Any CPU.Build.0 = Release|Any CPU
	EndGlobalSection
	GlobalSection(SolutionProperties) = preSolution
		HideSolutionNode = FALSE
	EndGlobalSection
	GlobalSection(ExtensibilityGlobals) = postSolution
		SolutionGuid = {D01975B2-C47C-495D-AB61-1A9DE0F027A1}
	EndGlobalSection
EndGlobal
